// !$*UTF8*$!
{
	archiveVersion = 1;
	classes = {
	};
	objectVersion = 56;
	objects = {

/* Begin PBXBuildFile section */
		CA50DF2229E7977F0053DB14 /* RMOrigin.swift in Sources */ = {isa = PBXBuildFile; fileRef = CA50DF2129E7977F0053DB14 /* RMOrigin.swift */; };
		CA50DF2429E797CA0053DB14 /* RMSingleLocation.swift in Sources */ = {isa = PBXBuildFile; fileRef = CA50DF2329E797CA0053DB14 /* RMSingleLocation.swift */; };
		CA50DF2629E798D30053DB14 /* RMCharacterStatus.swift in Sources */ = {isa = PBXBuildFile; fileRef = CA50DF2529E798D30053DB14 /* RMCharacterStatus.swift */; };
		CA50DF2829E798FC0053DB14 /* RMCharacterGender.swift in Sources */ = {isa = PBXBuildFile; fileRef = CA50DF2729E798FC0053DB14 /* RMCharacterGender.swift */; };
		CA50DF2D29E7B3CA0053DB14 /* RMGetAllCharactersResponse.swift in Sources */ = {isa = PBXBuildFile; fileRef = CA50DF2C29E7B3CA0053DB14 /* RMGetAllCharactersResponse.swift */; };
		CA8266D229E48EB6009CD99D /* AppDelegate.swift in Sources */ = {isa = PBXBuildFile; fileRef = CA8266D129E48EB6009CD99D /* AppDelegate.swift */; };
		CA8266D429E48EB6009CD99D /* SceneDelegate.swift in Sources */ = {isa = PBXBuildFile; fileRef = CA8266D329E48EB6009CD99D /* SceneDelegate.swift */; };
		CA8266D629E48EB6009CD99D /* RMTabBarViewController.swift in Sources */ = {isa = PBXBuildFile; fileRef = CA8266D529E48EB6009CD99D /* RMTabBarViewController.swift */; };
		CA8266DB29E48EB8009CD99D /* Assets.xcassets in Resources */ = {isa = PBXBuildFile; fileRef = CA8266DA29E48EB8009CD99D /* Assets.xcassets */; };
		CA8266DE29E48EB8009CD99D /* LaunchScreen.storyboard in Resources */ = {isa = PBXBuildFile; fileRef = CA8266DC29E48EB8009CD99D /* LaunchScreen.storyboard */; };
		CA8266ED29E49AED009CD99D /* RMLocation.swift in Sources */ = {isa = PBXBuildFile; fileRef = CA8266EC29E49AED009CD99D /* RMLocation.swift */; };
		CA8266EF29E49AFA009CD99D /* RMCharacter.swift in Sources */ = {isa = PBXBuildFile; fileRef = CA8266EE29E49AFA009CD99D /* RMCharacter.swift */; };
		CA8266F129E49B06009CD99D /* RMEpisode.swift in Sources */ = {isa = PBXBuildFile; fileRef = CA8266F029E49B06009CD99D /* RMEpisode.swift */; };
		CA8266F429E49CA2009CD99D /* RMCharacterViewController.swift in Sources */ = {isa = PBXBuildFile; fileRef = CA8266F329E49CA2009CD99D /* RMCharacterViewController.swift */; };
		CA8266F629E49CB2009CD99D /* RMLocationViewController.swift in Sources */ = {isa = PBXBuildFile; fileRef = CA8266F529E49CB2009CD99D /* RMLocationViewController.swift */; };
		CA8266F829E49CDB009CD99D /* RMEpisodeViewController.swift in Sources */ = {isa = PBXBuildFile; fileRef = CA8266F729E49CDB009CD99D /* RMEpisodeViewController.swift */; };
		CA8266FA29E49CE5009CD99D /* RMSettingsViewController.swift in Sources */ = {isa = PBXBuildFile; fileRef = CA8266F929E49CE5009CD99D /* RMSettingsViewController.swift */; };
		CA8266FC29E790FC009CD99D /* RMService.swift in Sources */ = {isa = PBXBuildFile; fileRef = CA8266FB29E790FC009CD99D /* RMService.swift */; };
		CA8266FE29E79105009CD99D /* RMRequest.swift in Sources */ = {isa = PBXBuildFile; fileRef = CA8266FD29E79105009CD99D /* RMRequest.swift */; };
		CA82670029E79179009CD99D /* RMEndpoint.swift in Sources */ = {isa = PBXBuildFile; fileRef = CA8266FF29E79179009CD99D /* RMEndpoint.swift */; };
		CA82670229E86B57009CD99D /* CharacterListViewViewModel.swift in Sources */ = {isa = PBXBuildFile; fileRef = CA82670129E86B57009CD99D /* CharacterListViewViewModel.swift */; };
		CA82670429E86BF0009CD99D /* RMCharacterListView.swift in Sources */ = {isa = PBXBuildFile; fileRef = CA82670329E86BF0009CD99D /* RMCharacterListView.swift */; };
		CA82670629E8798C009CD99D /* Extensions.swift in Sources */ = {isa = PBXBuildFile; fileRef = CA82670529E8798C009CD99D /* Extensions.swift */; };
		CA82670829EF2585009CD99D /* RMCharacterCollectionViewCell.swift in Sources */ = {isa = PBXBuildFile; fileRef = CA82670729EF2585009CD99D /* RMCharacterCollectionViewCell.swift */; };
		CA82670A29EF26F2009CD99D /* RMCharacterCollectionViewCellViewModel.swift in Sources */ = {isa = PBXBuildFile; fileRef = CA82670929EF26F2009CD99D /* RMCharacterCollectionViewCellViewModel.swift */; };
/* End PBXBuildFile section */

/* Begin PBXFileReference section */
		CA50DF2129E7977F0053DB14 /* RMOrigin.swift */ = {isa = PBXFileReference; lastKnownFileType = sourcecode.swift; path = RMOrigin.swift; sourceTree = "<group>"; };
		CA50DF2329E797CA0053DB14 /* RMSingleLocation.swift */ = {isa = PBXFileReference; lastKnownFileType = sourcecode.swift; path = RMSingleLocation.swift; sourceTree = "<group>"; };
		CA50DF2529E798D30053DB14 /* RMCharacterStatus.swift */ = {isa = PBXFileReference; lastKnownFileType = sourcecode.swift; path = RMCharacterStatus.swift; sourceTree = "<group>"; };
		CA50DF2729E798FC0053DB14 /* RMCharacterGender.swift */ = {isa = PBXFileReference; lastKnownFileType = sourcecode.swift; path = RMCharacterGender.swift; sourceTree = "<group>"; };
		CA50DF2C29E7B3CA0053DB14 /* RMGetAllCharactersResponse.swift */ = {isa = PBXFileReference; lastKnownFileType = sourcecode.swift; path = RMGetAllCharactersResponse.swift; sourceTree = "<group>"; };
		CA8266CE29E48EB6009CD99D /* RickAndMorty.app */ = {isa = PBXFileReference; explicitFileType = wrapper.application; includeInIndex = 0; path = RickAndMorty.app; sourceTree = BUILT_PRODUCTS_DIR; };
		CA8266D129E48EB6009CD99D /* AppDelegate.swift */ = {isa = PBXFileReference; lastKnownFileType = sourcecode.swift; path = AppDelegate.swift; sourceTree = "<group>"; };
		CA8266D329E48EB6009CD99D /* SceneDelegate.swift */ = {isa = PBXFileReference; lastKnownFileType = sourcecode.swift; path = SceneDelegate.swift; sourceTree = "<group>"; };
		CA8266D529E48EB6009CD99D /* RMTabBarViewController.swift */ = {isa = PBXFileReference; lastKnownFileType = sourcecode.swift; path = RMTabBarViewController.swift; sourceTree = "<group>"; };
		CA8266DA29E48EB8009CD99D /* Assets.xcassets */ = {isa = PBXFileReference; lastKnownFileType = folder.assetcatalog; path = Assets.xcassets; sourceTree = "<group>"; };
		CA8266DD29E48EB8009CD99D /* Base */ = {isa = PBXFileReference; lastKnownFileType = file.storyboard; name = Base; path = Base.lproj/LaunchScreen.storyboard; sourceTree = "<group>"; };
		CA8266DF29E48EB8009CD99D /* Info.plist */ = {isa = PBXFileReference; lastKnownFileType = text.plist.xml; path = Info.plist; sourceTree = "<group>"; };
		CA8266EC29E49AED009CD99D /* RMLocation.swift */ = {isa = PBXFileReference; lastKnownFileType = sourcecode.swift; path = RMLocation.swift; sourceTree = "<group>"; };
		CA8266EE29E49AFA009CD99D /* RMCharacter.swift */ = {isa = PBXFileReference; lastKnownFileType = sourcecode.swift; path = RMCharacter.swift; sourceTree = "<group>"; };
		CA8266F029E49B06009CD99D /* RMEpisode.swift */ = {isa = PBXFileReference; lastKnownFileType = sourcecode.swift; path = RMEpisode.swift; sourceTree = "<group>"; };
		CA8266F329E49CA2009CD99D /* RMCharacterViewController.swift */ = {isa = PBXFileReference; lastKnownFileType = sourcecode.swift; path = RMCharacterViewController.swift; sourceTree = "<group>"; };
		CA8266F529E49CB2009CD99D /* RMLocationViewController.swift */ = {isa = PBXFileReference; lastKnownFileType = sourcecode.swift; path = RMLocationViewController.swift; sourceTree = "<group>"; };
		CA8266F729E49CDB009CD99D /* RMEpisodeViewController.swift */ = {isa = PBXFileReference; lastKnownFileType = sourcecode.swift; path = RMEpisodeViewController.swift; sourceTree = "<group>"; };
		CA8266F929E49CE5009CD99D /* RMSettingsViewController.swift */ = {isa = PBXFileReference; lastKnownFileType = sourcecode.swift; path = RMSettingsViewController.swift; sourceTree = "<group>"; };
		CA8266FB29E790FC009CD99D /* RMService.swift */ = {isa = PBXFileReference; lastKnownFileType = sourcecode.swift; path = RMService.swift; sourceTree = "<group>"; };
		CA8266FD29E79105009CD99D /* RMRequest.swift */ = {isa = PBXFileReference; lastKnownFileType = sourcecode.swift; path = RMRequest.swift; sourceTree = "<group>"; };
		CA8266FF29E79179009CD99D /* RMEndpoint.swift */ = {isa = PBXFileReference; lastKnownFileType = sourcecode.swift; path = RMEndpoint.swift; sourceTree = "<group>"; };
		CA82670129E86B57009CD99D /* CharacterListViewViewModel.swift */ = {isa = PBXFileReference; lastKnownFileType = sourcecode.swift; path = CharacterListViewViewModel.swift; sourceTree = "<group>"; };
		CA82670329E86BF0009CD99D /* RMCharacterListView.swift */ = {isa = PBXFileReference; lastKnownFileType = sourcecode.swift; path = RMCharacterListView.swift; sourceTree = "<group>"; };
		CA82670529E8798C009CD99D /* Extensions.swift */ = {isa = PBXFileReference; lastKnownFileType = sourcecode.swift; path = Extensions.swift; sourceTree = "<group>"; };
		CA82670729EF2585009CD99D /* RMCharacterCollectionViewCell.swift */ = {isa = PBXFileReference; lastKnownFileType = sourcecode.swift; path = RMCharacterCollectionViewCell.swift; sourceTree = "<group>"; };
		CA82670929EF26F2009CD99D /* RMCharacterCollectionViewCellViewModel.swift */ = {isa = PBXFileReference; lastKnownFileType = sourcecode.swift; path = RMCharacterCollectionViewCellViewModel.swift; sourceTree = "<group>"; };
/* End PBXFileReference section */

/* Begin PBXFrameworksBuildPhase section */
		CA8266CB29E48EB6009CD99D /* Frameworks */ = {
			isa = PBXFrameworksBuildPhase;
			buildActionMask = 2147483647;
			files = (
			);
			runOnlyForDeploymentPostprocessing = 0;
		};
/* End PBXFrameworksBuildPhase section */

/* Begin PBXGroup section */
		CA50DF2A29E7B3A10053DB14 /* DataTypes */ = {
			isa = PBXGroup;
			children = (
				CA8266EC29E49AED009CD99D /* RMLocation.swift */,
				CA8266EE29E49AFA009CD99D /* RMCharacter.swift */,
				CA8266F029E49B06009CD99D /* RMEpisode.swift */,
				CA50DF2129E7977F0053DB14 /* RMOrigin.swift */,
				CA50DF2329E797CA0053DB14 /* RMSingleLocation.swift */,
				CA50DF2529E798D30053DB14 /* RMCharacterStatus.swift */,
				CA50DF2729E798FC0053DB14 /* RMCharacterGender.swift */,
			);
			path = DataTypes;
			sourceTree = "<group>";
		};
		CA50DF2B29E7B3AF0053DB14 /* APIResponseTypes */ = {
			isa = PBXGroup;
			children = (
				CA50DF2C29E7B3CA0053DB14 /* RMGetAllCharactersResponse.swift */,
			);
			path = APIResponseTypes;
			sourceTree = "<group>";
		};
		CA8266C529E48EB6009CD99D = {
			isa = PBXGroup;
			children = (
				CA8266D029E48EB6009CD99D /* RickAndMorty */,
				CA8266CF29E48EB6009CD99D /* Products */,
			);
			sourceTree = "<group>";
		};
		CA8266CF29E48EB6009CD99D /* Products */ = {
			isa = PBXGroup;
			children = (
				CA8266CE29E48EB6009CD99D /* RickAndMorty.app */,
			);
			name = Products;
			sourceTree = "<group>";
		};
		CA8266D029E48EB6009CD99D /* RickAndMorty */ = {
			isa = PBXGroup;
			children = (
				CA8266EB29E49A02009CD99D /* Resources */,
				CA8266EA29E499F9009CD99D /* Managers */,
				CA8266E929E499EB009CD99D /* APIClient */,
				CA8266E829E499E2009CD99D /* ViewModels */,
				CA8266E729E499DB009CD99D /* Views */,
				CA8266E629E499D2009CD99D /* Models */,
				CA8266E529E499C8009CD99D /* Controller */,
				CA8266DF29E48EB8009CD99D /* Info.plist */,
			);
			path = RickAndMorty;
			sourceTree = "<group>";
		};
		CA8266E529E499C8009CD99D /* Controller */ = {
			isa = PBXGroup;
			children = (
				CA8266F229E49B82009CD99D /* Core */,
			);
			path = Controller;
			sourceTree = "<group>";
		};
		CA8266E629E499D2009CD99D /* Models */ = {
			isa = PBXGroup;
			children = (
				CA50DF2B29E7B3AF0053DB14 /* APIResponseTypes */,
				CA50DF2A29E7B3A10053DB14 /* DataTypes */,
			);
			path = Models;
			sourceTree = "<group>";
		};
		CA8266E729E499DB009CD99D /* Views */ = {
			isa = PBXGroup;
			children = (
				CA82670329E86BF0009CD99D /* RMCharacterListView.swift */,
				CA82670729EF2585009CD99D /* RMCharacterCollectionViewCell.swift */,
			);
			path = Views;
			sourceTree = "<group>";
		};
		CA8266E829E499E2009CD99D /* ViewModels */ = {
			isa = PBXGroup;
			children = (
				CA82670129E86B57009CD99D /* CharacterListViewViewModel.swift */,
				CA82670929EF26F2009CD99D /* RMCharacterCollectionViewCellViewModel.swift */,
			);
			path = ViewModels;
			sourceTree = "<group>";
		};
		CA8266E929E499EB009CD99D /* APIClient */ = {
			isa = PBXGroup;
			children = (
				CA8266FB29E790FC009CD99D /* RMService.swift */,
				CA8266FD29E79105009CD99D /* RMRequest.swift */,
				CA8266FF29E79179009CD99D /* RMEndpoint.swift */,
			);
			path = APIClient;
			sourceTree = "<group>";
		};
		CA8266EA29E499F9009CD99D /* Managers */ = {
			isa = PBXGroup;
			children = (
			);
			path = Managers;
			sourceTree = "<group>";
		};
		CA8266EB29E49A02009CD99D /* Resources */ = {
			isa = PBXGroup;
			children = (
				CA8266D129E48EB6009CD99D /* AppDelegate.swift */,
				CA8266D329E48EB6009CD99D /* SceneDelegate.swift */,
				CA8266DC29E48EB8009CD99D /* LaunchScreen.storyboard */,
				CA8266DA29E48EB8009CD99D /* Assets.xcassets */,
				CA82670529E8798C009CD99D /* Extensions.swift */,
			);
			path = Resources;
			sourceTree = "<group>";
		};
		CA8266F229E49B82009CD99D /* Core */ = {
			isa = PBXGroup;
			children = (
				CA8266D529E48EB6009CD99D /* RMTabBarViewController.swift */,
				CA8266F329E49CA2009CD99D /* RMCharacterViewController.swift */,
				CA8266F529E49CB2009CD99D /* RMLocationViewController.swift */,
				CA8266F729E49CDB009CD99D /* RMEpisodeViewController.swift */,
				CA8266F929E49CE5009CD99D /* RMSettingsViewController.swift */,
			);
			path = Core;
			sourceTree = "<group>";
		};
/* End PBXGroup section */

/* Begin PBXNativeTarget section */
		CA8266CD29E48EB6009CD99D /* RickAndMorty */ = {
			isa = PBXNativeTarget;
			buildConfigurationList = CA8266E229E48EB8009CD99D /* Build configuration list for PBXNativeTarget "RickAndMorty" */;
			buildPhases = (
				CA8266CA29E48EB6009CD99D /* Sources */,
				CA8266CB29E48EB6009CD99D /* Frameworks */,
				CA8266CC29E48EB6009CD99D /* Resources */,
			);
			buildRules = (
			);
			dependencies = (
			);
			name = RickAndMorty;
			productName = RickAndMorty;
			productReference = CA8266CE29E48EB6009CD99D /* RickAndMorty.app */;
			productType = "com.apple.product-type.application";
		};
/* End PBXNativeTarget section */

/* Begin PBXProject section */
		CA8266C629E48EB6009CD99D /* Project object */ = {
			isa = PBXProject;
			attributes = {
				BuildIndependentTargetsInParallel = 1;
				LastSwiftUpdateCheck = 1420;
				LastUpgradeCheck = 1420;
				TargetAttributes = {
					CA8266CD29E48EB6009CD99D = {
						CreatedOnToolsVersion = 14.2;
					};
				};
			};
			buildConfigurationList = CA8266C929E48EB6009CD99D /* Build configuration list for PBXProject "RickAndMorty" */;
			compatibilityVersion = "Xcode 14.0";
			developmentRegion = en;
			hasScannedForEncodings = 0;
			knownRegions = (
				en,
				Base,
			);
			mainGroup = CA8266C529E48EB6009CD99D;
			productRefGroup = CA8266CF29E48EB6009CD99D /* Products */;
			projectDirPath = "";
			projectRoot = "";
			targets = (
				CA8266CD29E48EB6009CD99D /* RickAndMorty */,
			);
		};
/* End PBXProject section */

/* Begin PBXResourcesBuildPhase section */
		CA8266CC29E48EB6009CD99D /* Resources */ = {
			isa = PBXResourcesBuildPhase;
			buildActionMask = 2147483647;
			files = (
				CA8266DE29E48EB8009CD99D /* LaunchScreen.storyboard in Resources */,
				CA8266DB29E48EB8009CD99D /* Assets.xcassets in Resources */,
			);
			runOnlyForDeploymentPostprocessing = 0;
		};
/* End PBXResourcesBuildPhase section */

/* Begin PBXSourcesBuildPhase section */
		CA8266CA29E48EB6009CD99D /* Sources */ = {
			isa = PBXSourcesBuildPhase;
			buildActionMask = 2147483647;
			files = (
				CA50DF2229E7977F0053DB14 /* RMOrigin.swift in Sources */,
				CA50DF2429E797CA0053DB14 /* RMSingleLocation.swift in Sources */,
				CA82670429E86BF0009CD99D /* RMCharacterListView.swift in Sources */,
				CA50DF2D29E7B3CA0053DB14 /* RMGetAllCharactersResponse.swift in Sources */,
				CA50DF2629E798D30053DB14 /* RMCharacterStatus.swift in Sources */,
				CA50DF2829E798FC0053DB14 /* RMCharacterGender.swift in Sources */,
				CA8266F629E49CB2009CD99D /* RMLocationViewController.swift in Sources */,
				CA8266D629E48EB6009CD99D /* RMTabBarViewController.swift in Sources */,
				CA8266D229E48EB6009CD99D /* AppDelegate.swift in Sources */,
				CA8266F829E49CDB009CD99D /* RMEpisodeViewController.swift in Sources */,
				CA82670229E86B57009CD99D /* CharacterListViewViewModel.swift in Sources */,
				CA8266F129E49B06009CD99D /* RMEpisode.swift in Sources */,
				CA8266D429E48EB6009CD99D /* SceneDelegate.swift in Sources */,
				CA82670629E8798C009CD99D /* Extensions.swift in Sources */,
				CA8266FA29E49CE5009CD99D /* RMSettingsViewController.swift in Sources */,
				CA8266FC29E790FC009CD99D /* RMService.swift in Sources */,
				CA8266ED29E49AED009CD99D /* RMLocation.swift in Sources */,
				CA82670029E79179009CD99D /* RMEndpoint.swift in Sources */,
				CA8266EF29E49AFA009CD99D /* RMCharacter.swift in Sources */,
				CA82670A29EF26F2009CD99D /* RMCharacterCollectionViewCellViewModel.swift in Sources */,
				CA8266FE29E79105009CD99D /* RMRequest.swift in Sources */,
				CA8266F429E49CA2009CD99D /* RMCharacterViewController.swift in Sources */,
				CA82670829EF2585009CD99D /* RMCharacterCollectionViewCell.swift in Sources */,
			);
			runOnlyForDeploymentPostprocessing = 0;
		};
/* End PBXSourcesBuildPhase section */

/* Begin PBXVariantGroup section */
		CA8266DC29E48EB8009CD99D /* LaunchScreen.storyboard */ = {
			isa = PBXVariantGroup;
			children = (
				CA8266DD29E48EB8009CD99D /* Base */,
			);
			name = LaunchScreen.storyboard;
			sourceTree = "<group>";
		};
/* End PBXVariantGroup section */

/* Begin XCBuildConfiguration section */
		CA8266E029E48EB8009CD99D /* Debug */ = {
			isa = XCBuildConfiguration;
			buildSettings = {
				ALWAYS_SEARCH_USER_PATHS = NO;
				CLANG_ANALYZER_NONNULL = YES;
				CLANG_ANALYZER_NUMBER_OBJECT_CONVERSION = YES_AGGRESSIVE;
				CLANG_CXX_LANGUAGE_STANDARD = "gnu++20";
				CLANG_ENABLE_MODULES = YES;
				CLANG_ENABLE_OBJC_ARC = YES;
				CLANG_ENABLE_OBJC_WEAK = YES;
				CLANG_WARN_BLOCK_CAPTURE_AUTORELEASING = YES;
				CLANG_WARN_BOOL_CONVERSION = YES;
				CLANG_WARN_COMMA = YES;
				CLANG_WARN_CONSTANT_CONVERSION = YES;
				CLANG_WARN_DEPRECATED_OBJC_IMPLEMENTATIONS = YES;
				CLANG_WARN_DIRECT_OBJC_ISA_USAGE = YES_ERROR;
				CLANG_WARN_DOCUMENTATION_COMMENTS = YES;
				CLANG_WARN_EMPTY_BODY = YES;
				CLANG_WARN_ENUM_CONVERSION = YES;
				CLANG_WARN_INFINITE_RECURSION = YES;
				CLANG_WARN_INT_CONVERSION = YES;
				CLANG_WARN_NON_LITERAL_NULL_CONVERSION = YES;
				CLANG_WARN_OBJC_IMPLICIT_RETAIN_SELF = YES;
				CLANG_WARN_OBJC_LITERAL_CONVERSION = YES;
				CLANG_WARN_OBJC_ROOT_CLASS = YES_ERROR;
				CLANG_WARN_QUOTED_INCLUDE_IN_FRAMEWORK_HEADER = YES;
				CLANG_WARN_RANGE_LOOP_ANALYSIS = YES;
				CLANG_WARN_STRICT_PROTOTYPES = YES;
				CLANG_WARN_SUSPICIOUS_MOVE = YES;
				CLANG_WARN_UNGUARDED_AVAILABILITY = YES_AGGRESSIVE;
				CLANG_WARN_UNREACHABLE_CODE = YES;
				CLANG_WARN__DUPLICATE_METHOD_MATCH = YES;
				COPY_PHASE_STRIP = NO;
				DEBUG_INFORMATION_FORMAT = dwarf;
				ENABLE_STRICT_OBJC_MSGSEND = YES;
				ENABLE_TESTABILITY = YES;
				GCC_C_LANGUAGE_STANDARD = gnu11;
				GCC_DYNAMIC_NO_PIC = NO;
				GCC_NO_COMMON_BLOCKS = YES;
				GCC_OPTIMIZATION_LEVEL = 0;
				GCC_PREPROCESSOR_DEFINITIONS = (
					"DEBUG=1",
					"$(inherited)",
				);
				GCC_WARN_64_TO_32_BIT_CONVERSION = YES;
				GCC_WARN_ABOUT_RETURN_TYPE = YES_ERROR;
				GCC_WARN_UNDECLARED_SELECTOR = YES;
				GCC_WARN_UNINITIALIZED_AUTOS = YES_AGGRESSIVE;
				GCC_WARN_UNUSED_FUNCTION = YES;
				GCC_WARN_UNUSED_VARIABLE = YES;
				IPHONEOS_DEPLOYMENT_TARGET = 16.2;
				MTL_ENABLE_DEBUG_INFO = INCLUDE_SOURCE;
				MTL_FAST_MATH = YES;
				ONLY_ACTIVE_ARCH = YES;
				SDKROOT = iphoneos;
				SWIFT_ACTIVE_COMPILATION_CONDITIONS = DEBUG;
				SWIFT_OPTIMIZATION_LEVEL = "-Onone";
			};
			name = Debug;
		};
		CA8266E129E48EB8009CD99D /* Release */ = {
			isa = XCBuildConfiguration;
			buildSettings = {
				ALWAYS_SEARCH_USER_PATHS = NO;
				CLANG_ANALYZER_NONNULL = YES;
				CLANG_ANALYZER_NUMBER_OBJECT_CONVERSION = YES_AGGRESSIVE;
				CLANG_CXX_LANGUAGE_STANDARD = "gnu++20";
				CLANG_ENABLE_MODULES = YES;
				CLANG_ENABLE_OBJC_ARC = YES;
				CLANG_ENABLE_OBJC_WEAK = YES;
				CLANG_WARN_BLOCK_CAPTURE_AUTORELEASING = YES;
				CLANG_WARN_BOOL_CONVERSION = YES;
				CLANG_WARN_COMMA = YES;
				CLANG_WARN_CONSTANT_CONVERSION = YES;
				CLANG_WARN_DEPRECATED_OBJC_IMPLEMENTATIONS = YES;
				CLANG_WARN_DIRECT_OBJC_ISA_USAGE = YES_ERROR;
				CLANG_WARN_DOCUMENTATION_COMMENTS = YES;
				CLANG_WARN_EMPTY_BODY = YES;
				CLANG_WARN_ENUM_CONVERSION = YES;
				CLANG_WARN_INFINITE_RECURSION = YES;
				CLANG_WARN_INT_CONVERSION = YES;
				CLANG_WARN_NON_LITERAL_NULL_CONVERSION = YES;
				CLANG_WARN_OBJC_IMPLICIT_RETAIN_SELF = YES;
				CLANG_WARN_OBJC_LITERAL_CONVERSION = YES;
				CLANG_WARN_OBJC_ROOT_CLASS = YES_ERROR;
				CLANG_WARN_QUOTED_INCLUDE_IN_FRAMEWORK_HEADER = YES;
				CLANG_WARN_RANGE_LOOP_ANALYSIS = YES;
				CLANG_WARN_STRICT_PROTOTYPES = YES;
				CLANG_WARN_SUSPICIOUS_MOVE = YES;
				CLANG_WARN_UNGUARDED_AVAILABILITY = YES_AGGRESSIVE;
				CLANG_WARN_UNREACHABLE_CODE = YES;
				CLANG_WARN__DUPLICATE_METHOD_MATCH = YES;
				COPY_PHASE_STRIP = NO;
				DEBUG_INFORMATION_FORMAT = "dwarf-with-dsym";
				ENABLE_NS_ASSERTIONS = NO;
				ENABLE_STRICT_OBJC_MSGSEND = YES;
				GCC_C_LANGUAGE_STANDARD = gnu11;
				GCC_NO_COMMON_BLOCKS = YES;
				GCC_WARN_64_TO_32_BIT_CONVERSION = YES;
				GCC_WARN_ABOUT_RETURN_TYPE = YES_ERROR;
				GCC_WARN_UNDECLARED_SELECTOR = YES;
				GCC_WARN_UNINITIALIZED_AUTOS = YES_AGGRESSIVE;
				GCC_WARN_UNUSED_FUNCTION = YES;
				GCC_WARN_UNUSED_VARIABLE = YES;
				IPHONEOS_DEPLOYMENT_TARGET = 16.2;
				MTL_ENABLE_DEBUG_INFO = NO;
				MTL_FAST_MATH = YES;
				SDKROOT = iphoneos;
				SWIFT_COMPILATION_MODE = wholemodule;
				SWIFT_OPTIMIZATION_LEVEL = "-O";
				VALIDATE_PRODUCT = YES;
			};
			name = Release;
		};
		CA8266E329E48EB8009CD99D /* Debug */ = {
			isa = XCBuildConfiguration;
			buildSettings = {
				ASSETCATALOG_COMPILER_APPICON_NAME = AppIcon;
				ASSETCATALOG_COMPILER_GLOBAL_ACCENT_COLOR_NAME = AccentColor;
				CODE_SIGN_STYLE = Automatic;
				CURRENT_PROJECT_VERSION = 1;
				DEVELOPMENT_TEAM = LJKQN4AQHT;
				GENERATE_INFOPLIST_FILE = YES;
				INFOPLIST_FILE = RickAndMorty/Info.plist;
				INFOPLIST_KEY_UIApplicationSupportsIndirectInputEvents = YES;
				INFOPLIST_KEY_UILaunchStoryboardName = LaunchScreen;
				INFOPLIST_KEY_UISupportedInterfaceOrientations_iPad = "UIInterfaceOrientationPortrait UIInterfaceOrientationPortraitUpsideDown UIInterfaceOrientationLandscapeLeft UIInterfaceOrientationLandscapeRight";
				INFOPLIST_KEY_UISupportedInterfaceOrientations_iPhone = "UIInterfaceOrientationPortrait UIInterfaceOrientationLandscapeLeft UIInterfaceOrientationLandscapeRight";
				LD_RUNPATH_SEARCH_PATHS = (
					"$(inherited)",
					"@executable_path/Frameworks",
				);
				MARKETING_VERSION = 1.0;
				PRODUCT_BUNDLE_IDENTIFIER = com.josue.RickAndMorty;
				PRODUCT_NAME = "$(TARGET_NAME)";
				SWIFT_EMIT_LOC_STRINGS = YES;
				SWIFT_VERSION = 5.0;
				TARGETED_DEVICE_FAMILY = "1,2";
			};
			name = Debug;
		};
		CA8266E429E48EB8009CD99D /* Release */ = {
			isa = XCBuildConfiguration;
			buildSettings = {
				ASSETCATALOG_COMPILER_APPICON_NAME = AppIcon;
				ASSETCATALOG_COMPILER_GLOBAL_ACCENT_COLOR_NAME = AccentColor;
				CODE_SIGN_STYLE = Automatic;
				CURRENT_PROJECT_VERSION = 1;
				DEVELOPMENT_TEAM = LJKQN4AQHT;
				GENERATE_INFOPLIST_FILE = YES;
				INFOPLIST_FILE = RickAndMorty/Info.plist;
				INFOPLIST_KEY_UIApplicationSupportsIndirectInputEvents = YES;
				INFOPLIST_KEY_UILaunchStoryboardName = LaunchScreen;
				INFOPLIST_KEY_UISupportedInterfaceOrientations_iPad = "UIInterfaceOrientationPortrait UIInterfaceOrientationPortraitUpsideDown UIInterfaceOrientationLandscapeLeft UIInterfaceOrientationLandscapeRight";
				INFOPLIST_KEY_UISupportedInterfaceOrientations_iPhone = "UIInterfaceOrientationPortrait UIInterfaceOrientationLandscapeLeft UIInterfaceOrientationLandscapeRight";
				LD_RUNPATH_SEARCH_PATHS = (
					"$(inherited)",
					"@executable_path/Frameworks",
				);
				MARKETING_VERSION = 1.0;
				PRODUCT_BUNDLE_IDENTIFIER = com.josue.RickAndMorty;
				PRODUCT_NAME = "$(TARGET_NAME)";
				SWIFT_EMIT_LOC_STRINGS = YES;
				SWIFT_VERSION = 5.0;
				TARGETED_DEVICE_FAMILY = "1,2";
			};
			name = Release;
		};
/* End XCBuildConfiguration section */

/* Begin XCConfigurationList section */
		CA8266C929E48EB6009CD99D /* Build configuration list for PBXProject "RickAndMorty" */ = {
			isa = XCConfigurationList;
			buildConfigurations = (
				CA8266E029E48EB8009CD99D /* Debug */,
				CA8266E129E48EB8009CD99D /* Release */,
			);
			defaultConfigurationIsVisible = 0;
			defaultConfigurationName = Release;
		};
		CA8266E229E48EB8009CD99D /* Build configuration list for PBXNativeTarget "RickAndMorty" */ = {
			isa = XCConfigurationList;
			buildConfigurations = (
				CA8266E329E48EB8009CD99D /* Debug */,
				CA8266E429E48EB8009CD99D /* Release */,
			);
			defaultConfigurationIsVisible = 0;
			defaultConfigurationName = Release;
		};
/* End XCConfigurationList section */
	};
	rootObject = CA8266C629E48EB6009CD99D /* Project object */;
}
